
Microsoft Visual Studio Solution File, Format Version 12.00
# Visual Studio Version 17
VisualStudioVersion = 17.3.32929.385
MinimumVisualStudioVersion = 10.0.40219.1
Project("{FAE04EC0-301F-11D3-BF4B-00C04F79EFBC}") = "DealDone", "DealDone\DealDone.csproj", "{4E988CAF-7EB4-4024-BE70-BB59B90A16AD}"
EndProject
Global
	GlobalSection(SolutionConfigurationPlatforms) = preSolution
		Debug|Any CPU = Debug|Any CPU
		Release|Any CPU = Release|Any CPU
	EndGlobalSection
	GlobalSection(ProjectConfigurationPlatforms) = postSolution
		{4E988CAF-7EB4-4024-BE70-BB59B90A16AD}.Debug|Any CPU.ActiveCfg = Debug|Any CPU
		{4E988CAF-7EB4-4024-BE70-BB59B90A16AD}.Debug|Any CPU.Build.0 = Debug|Any CPU
		{4E988CAF-7EB4-4024-BE70-BB59B90A16AD}.Release|Any CPU.ActiveCfg = Release|Any CPU
		{4E988CAF-7EB4-4024-BE70-BB59B90A16AD}.Release|Any CPU.Build.0 = Release|Any CPU
	EndGlobalSection
	GlobalSection(SolutionProperties) = preSolution
		HideSolutionNode = FALSE
	EndGlobalSection
	GlobalSection(ExtensibilityGlobals) = postSolution
		SolutionGuid = {DD287E7F-ED94-456C-A6B7-738C586B464D}
	EndGlobalSection
EndGlobal
